
Microsoft Visual Studio Solution File, Format Version 12.00
# Visual Studio Version 16
VisualStudioVersion = 16.0.31205.134
MinimumVisualStudioVersion = 10.0.40219.1
Project("{9A19103F-16F7-4668-BE54-9A1E7A4F7556}") = "DesafioLeoMadeira", "DesafioLeoMadeira\DesafioLeoMadeira.csproj", "{3A03EB9C-B638-4FAF-A145-DCFC8338F43C}"
EndProject
Project("{9A19103F-16F7-4668-BE54-9A1E7A4F7556}") = "DesafioLeoMandeira.Services", "DesafioLeoMandeira.Services\DesafioLeoMandeira.Services.csproj", "{FFAC15AE-E456-43A8-8391-21629C38213E}"
EndProject
Project("{9A19103F-16F7-4668-BE54-9A1E7A4F7556}") = "DesafioLeoMadeira.ViewObject", "DesafioLeoMadeira.ViewObject\DesafioLeoMadeira.ViewObject.csproj", "{8563041B-3EDD-47B9-98EF-AD5E355CD0E6}"
EndProject
Project("{9A19103F-16F7-4668-BE54-9A1E7A4F7556}") = "DesafioLeoMadeira.Domain", "DesafioLeoMadeira.Domain\DesafioLeoMadeira.Domain.csproj", "{4C694A08-51B7-4C6A-8A9B-37A85679AAE5}"
EndProject
Project("{9A19103F-16F7-4668-BE54-9A1E7A4F7556}") = "DesafioLeoMadeiraTest", "DesafioLeoMadeiraTest\DesafioLeoMadeiraTest.csproj", "{70EFD2A1-4698-4430-9FF4-988B8CC26FC7}"
EndProject
Global
	GlobalSection(SolutionConfigurationPlatforms) = preSolution
		Debug|Any CPU = Debug|Any CPU
		Release|Any CPU = Release|Any CPU
	EndGlobalSection
	GlobalSection(ProjectConfigurationPlatforms) = postSolution
		{3A03EB9C-B638-4FAF-A145-DCFC8338F43C}.Debug|Any CPU.ActiveCfg = Debug|Any CPU
		{3A03EB9C-B638-4FAF-A145-DCFC8338F43C}.Debug|Any CPU.Build.0 = Debug|Any CPU
		{3A03EB9C-B638-4FAF-A145-DCFC8338F43C}.Release|Any CPU.ActiveCfg = Release|Any CPU
		{3A03EB9C-B638-4FAF-A145-DCFC8338F43C}.Release|Any CPU.Build.0 = Release|Any CPU
		{FFAC15AE-E456-43A8-8391-21629C38213E}.Debug|Any CPU.ActiveCfg = Debug|Any CPU
		{FFAC15AE-E456-43A8-8391-21629C38213E}.Debug|Any CPU.Build.0 = Debug|Any CPU
		{FFAC15AE-E456-43A8-8391-21629C38213E}.Release|Any CPU.ActiveCfg = Release|Any CPU
		{FFAC15AE-E456-43A8-8391-21629C38213E}.Release|Any CPU.Build.0 = Release|Any CPU
		{8563041B-3EDD-47B9-98EF-AD5E355CD0E6}.Debug|Any CPU.ActiveCfg = Debug|Any CPU
		{8563041B-3EDD-47B9-98EF-AD5E355CD0E6}.Debug|Any CPU.Build.0 = Debug|Any CPU
		{8563041B-3EDD-47B9-98EF-AD5E355CD0E6}.Release|Any CPU.ActiveCfg = Release|Any CPU
		{8563041B-3EDD-47B9-98EF-AD5E355CD0E6}.Release|Any CPU.Build.0 = Release|Any CPU
		{4C694A08-51B7-4C6A-8A9B-37A85679AAE5}.Debug|Any CPU.ActiveCfg = Debug|Any CPU
		{4C694A08-51B7-4C6A-8A9B-37A85679AAE5}.Debug|Any CPU.Build.0 = Debug|Any CPU
		{4C694A08-51B7-4C6A-8A9B-37A85679AAE5}.Release|Any CPU.ActiveCfg = Release|Any CPU
		{4C694A08-51B7-4C6A-8A9B-37A85679AAE5}.Release|Any CPU.Build.0 = Release|Any CPU
		{70EFD2A1-4698-4430-9FF4-988B8CC26FC7}.Debug|Any CPU.ActiveCfg = Debug|Any CPU
		{70EFD2A1-4698-4430-9FF4-988B8CC26FC7}.Debug|Any CPU.Build.0 = Debug|Any CPU
		{70EFD2A1-4698-4430-9FF4-988B8CC26FC7}.Release|Any CPU.ActiveCfg = Release|Any CPU
		{70EFD2A1-4698-4430-9FF4-988B8CC26FC7}.Release|Any CPU.Build.0 = Release|Any CPU
	EndGlobalSection
	GlobalSection(SolutionProperties) = preSolution
		HideSolutionNode = FALSE
	EndGlobalSection
	GlobalSection(ExtensibilityGlobals) = postSolution
		SolutionGuid = {AF422DCE-C9EF-4891-BD72-E3DCEE882771}
	EndGlobalSection
EndGlobal
